
Microsoft Visual Studio Solution File, Format Version 12.00
# Visual Studio 15
VisualStudioVersion = 15.0.27703.2035
MinimumVisualStudioVersion = 10.0.40219.1
Project("{9A19103F-16F7-4668-BE54-9A1E7A4F7556}") = "DockerApp", "DockerApp\DockerApp.csproj", "{9746F6A6-F761-441A-AEEE-2117D95048B5}"
EndProject
Project("{9A19103F-16F7-4668-BE54-9A1E7A4F7556}") = "DockerDB", "DockerDB\DockerDB.csproj", "{53010723-1B2B-406C-9E5E-F4B1E7F272F5}"
EndProject
Project("{9A19103F-16F7-4668-BE54-9A1E7A4F7556}") = "DockerBusiness", "DockerBusiness\DockerBusiness.csproj", "{584C6312-33C6-432A-8F62-5F0904A8E49D}"
EndProject
Project("{9A19103F-16F7-4668-BE54-9A1E7A4F7556}") = "DockerMVC", "DockerMVC\DockerMVC.csproj", "{7C9E2E8C-A210-4700-9D81-CF9FCCCC464E}"
EndProject
Project("{E53339B2-1760-4266-BCC7-CA923CBCF16C}") = "docker-compose", "docker-compose.dcproj", "{5AD7A465-5B44-4284-984D-62E07533ACFA}"
EndProject
Global
	GlobalSection(SolutionConfigurationPlatforms) = preSolution
		Debug|Any CPU = Debug|Any CPU
		Release|Any CPU = Release|Any CPU
	EndGlobalSection
	GlobalSection(ProjectConfigurationPlatforms) = postSolution
		{9746F6A6-F761-441A-AEEE-2117D95048B5}.Debug|Any CPU.ActiveCfg = Debug|Any CPU
		{9746F6A6-F761-441A-AEEE-2117D95048B5}.Debug|Any CPU.Build.0 = Debug|Any CPU
		{9746F6A6-F761-441A-AEEE-2117D95048B5}.Release|Any CPU.ActiveCfg = Release|Any CPU
		{9746F6A6-F761-441A-AEEE-2117D95048B5}.Release|Any CPU.Build.0 = Release|Any CPU
		{53010723-1B2B-406C-9E5E-F4B1E7F272F5}.Debug|Any CPU.ActiveCfg = Debug|Any CPU
		{53010723-1B2B-406C-9E5E-F4B1E7F272F5}.Debug|Any CPU.Build.0 = Debug|Any CPU
		{53010723-1B2B-406C-9E5E-F4B1E7F272F5}.Release|Any CPU.ActiveCfg = Release|Any CPU
		{53010723-1B2B-406C-9E5E-F4B1E7F272F5}.Release|Any CPU.Build.0 = Release|Any CPU
		{584C6312-33C6-432A-8F62-5F0904A8E49D}.Debug|Any CPU.ActiveCfg = Debug|Any CPU
		{584C6312-33C6-432A-8F62-5F0904A8E49D}.Debug|Any CPU.Build.0 = Debug|Any CPU
		{584C6312-33C6-432A-8F62-5F0904A8E49D}.Release|Any CPU.ActiveCfg = Release|Any CPU
		{584C6312-33C6-432A-8F62-5F0904A8E49D}.Release|Any CPU.Build.0 = Release|Any CPU
		{7C9E2E8C-A210-4700-9D81-CF9FCCCC464E}.Debug|Any CPU.ActiveCfg = Debug|Any CPU
		{7C9E2E8C-A210-4700-9D81-CF9FCCCC464E}.Debug|Any CPU.Build.0 = Debug|Any CPU
		{7C9E2E8C-A210-4700-9D81-CF9FCCCC464E}.Release|Any CPU.ActiveCfg = Release|Any CPU
		{7C9E2E8C-A210-4700-9D81-CF9FCCCC464E}.Release|Any CPU.Build.0 = Release|Any CPU
		{5AD7A465-5B44-4284-984D-62E07533ACFA}.Debug|Any CPU.ActiveCfg = Debug|Any CPU
		{5AD7A465-5B44-4284-984D-62E07533ACFA}.Debug|Any CPU.Build.0 = Debug|Any CPU
		{5AD7A465-5B44-4284-984D-62E07533ACFA}.Release|Any CPU.ActiveCfg = Release|Any CPU
		{5AD7A465-5B44-4284-984D-62E07533ACFA}.Release|Any CPU.Build.0 = Release|Any CPU
	EndGlobalSection
	GlobalSection(SolutionProperties) = preSolution
		HideSolutionNode = FALSE
	EndGlobalSection
	GlobalSection(ExtensibilityGlobals) = postSolution
		SolutionGuid = {DEE412CE-6B99-4E7B-8F61-910A11F79664}
	EndGlobalSection
EndGlobal
