
Microsoft Visual Studio Solution File, Format Version 12.00
# Visual Studio 15
VisualStudioVersion = 15.0.27703.2035
MinimumVisualStudioVersion = 10.0.40219.1
Project("{FAE04EC0-301F-11D3-BF4B-00C04F79EFBC}") = "DockerApp", "DockerApp\DockerApp.csproj", "{9746F6A6-F761-441A-AEEE-2117D95048B5}"
EndProject
Project("{FAE04EC0-301F-11D3-BF4B-00C04F79EFBC}") = "DockerDB", "DockerDB\DockerDB.csproj", "{53010723-1B2B-406C-9E5E-F4B1E7F272F5}"
EndProject
Project("{FAE04EC0-301F-11D3-BF4B-00C04F79EFBC}") = "DockerBusiness", "DockerBusiness\DockerBusiness.csproj", "{584C6312-33C6-432A-8F62-5F0904A8E49D}"
EndProject
Global
	GlobalSection(SolutionConfigurationPlatforms) = preSolution
		Debug|Any CPU = Debug|Any CPU
		Release|Any CPU = Release|Any CPU
	EndGlobalSection
	GlobalSection(ProjectConfigurationPlatforms) = postSolution
		{9746F6A6-F761-441A-AEEE-2117D95048B5}.Debug|Any CPU.ActiveCfg = Debug|Any CPU
		{9746F6A6-F761-441A-AEEE-2117D95048B5}.Debug|Any CPU.Build.0 = Debug|Any CPU
		{9746F6A6-F761-441A-AEEE-2117D95048B5}.Release|Any CPU.ActiveCfg = Release|Any CPU
		{9746F6A6-F761-441A-AEEE-2117D95048B5}.Release|Any CPU.Build.0 = Release|Any CPU
		{53010723-1B2B-406C-9E5E-F4B1E7F272F5}.Debug|Any CPU.ActiveCfg = Debug|Any CPU
		{53010723-1B2B-406C-9E5E-F4B1E7F272F5}.Debug|Any CPU.Build.0 = Debug|Any CPU
		{53010723-1B2B-406C-9E5E-F4B1E7F272F5}.Release|Any CPU.ActiveCfg = Release|Any CPU
		{53010723-1B2B-406C-9E5E-F4B1E7F272F5}.Release|Any CPU.Build.0 = Release|Any CPU
		{584C6312-33C6-432A-8F62-5F0904A8E49D}.Debug|Any CPU.ActiveCfg = Debug|Any CPU
		{584C6312-33C6-432A-8F62-5F0904A8E49D}.Debug|Any CPU.Build.0 = Debug|Any CPU
		{584C6312-33C6-432A-8F62-5F0904A8E49D}.Release|Any CPU.ActiveCfg = Release|Any CPU
		{584C6312-33C6-432A-8F62-5F0904A8E49D}.Release|Any CPU.Build.0 = Release|Any CPU
	EndGlobalSection
	GlobalSection(SolutionProperties) = preSolution
		HideSolutionNode = FALSE
	EndGlobalSection
	GlobalSection(ExtensibilityGlobals) = postSolution
		SolutionGuid = {DEE412CE-6B99-4E7B-8F61-910A11F79664}
	EndGlobalSection
EndGlobal
